
Microsoft Visual Studio Solution File, Format Version 12.00
# Visual Studio Version 17
VisualStudioVersion = 17.1.32228.430
MinimumVisualStudioVersion = 10.0.40219.1
Project("{FAE04EC0-301F-11D3-BF4B-00C04F79EFBC}") = "BaseUsuario", "BaseUsuario.csproj", "{49672639-DA4C-48F1-A577-A812D970F8B3}"
EndProject
Global
	GlobalSection(SolutionConfigurationPlatforms) = preSolution
		Debug|Any CPU = Debug|Any CPU
		Release|Any CPU = Release|Any CPU
	EndGlobalSection
	GlobalSection(ProjectConfigurationPlatforms) = postSolution
		{49672639-DA4C-48F1-A577-A812D970F8B3}.Debug|Any CPU.ActiveCfg = Debug|Any CPU
		{49672639-DA4C-48F1-A577-A812D970F8B3}.Debug|Any CPU.Build.0 = Debug|Any CPU
		{49672639-DA4C-48F1-A577-A812D970F8B3}.Release|Any CPU.ActiveCfg = Release|Any CPU
		{49672639-DA4C-48F1-A577-A812D970F8B3}.Release|Any CPU.Build.0 = Release|Any CPU
	EndGlobalSection
	GlobalSection(SolutionProperties) = preSolution
		HideSolutionNode = FALSE
	EndGlobalSection
	GlobalSection(ExtensibilityGlobals) = postSolution
		SolutionGuid = {3D38E461-9CBB-481B-BD49-3D0B78EA605C}
	EndGlobalSection
EndGlobal
